
Microsoft Visual Studio Solution File, Format Version 12.00
# Visual Studio Version 16
VisualStudioVersion = 16.0.31005.135
MinimumVisualStudioVersion = 10.0.40219.1
Project("{FAE04EC0-301F-11D3-BF4B-00C04F79EFBC}") = "DesktopUI", "DesktopUI\DesktopUI.csproj", "{8FE4B822-3B8C-4A5B-BD7A-A11BD1155435}"
EndProject
Project("{FAE04EC0-301F-11D3-BF4B-00C04F79EFBC}") = "CrytpoLibrary", "CrytpoLibrary\CrytpoLibrary.csproj", "{189383D1-B4D6-4A64-8A09-801CBB5506E9}"
EndProject
Global
	GlobalSection(SolutionConfigurationPlatforms) = preSolution
		Debug|Any CPU = Debug|Any CPU
		Release|Any CPU = Release|Any CPU
	EndGlobalSection
	GlobalSection(ProjectConfigurationPlatforms) = postSolution
		{8FE4B822-3B8C-4A5B-BD7A-A11BD1155435}.Debug|Any CPU.ActiveCfg = Debug|Any CPU
		{8FE4B822-3B8C-4A5B-BD7A-A11BD1155435}.Debug|Any CPU.Build.0 = Debug|Any CPU
		{8FE4B822-3B8C-4A5B-BD7A-A11BD1155435}.Release|Any CPU.ActiveCfg = Release|Any CPU
		{8FE4B822-3B8C-4A5B-BD7A-A11BD1155435}.Release|Any CPU.Build.0 = Release|Any CPU
		{189383D1-B4D6-4A64-8A09-801CBB5506E9}.Debug|Any CPU.ActiveCfg = Debug|Any CPU
		{189383D1-B4D6-4A64-8A09-801CBB5506E9}.Debug|Any CPU.Build.0 = Debug|Any CPU
		{189383D1-B4D6-4A64-8A09-801CBB5506E9}.Release|Any CPU.ActiveCfg = Release|Any CPU
		{189383D1-B4D6-4A64-8A09-801CBB5506E9}.Release|Any CPU.Build.0 = Release|Any CPU
	EndGlobalSection
	GlobalSection(SolutionProperties) = preSolution
		HideSolutionNode = FALSE
	EndGlobalSection
	GlobalSection(ExtensibilityGlobals) = postSolution
		SolutionGuid = {0F98073E-501E-43E4-82B3-515CEE46B069}
	EndGlobalSection
EndGlobal
